
Microsoft Visual Studio Solution File, Format Version 12.00
# Visual Studio Version 16
VisualStudioVersion = 16.0.30413.136
MinimumVisualStudioVersion = 10.0.40219.1
Project("{FAE04EC0-301F-11D3-BF4B-00C04F79EFBC}") = "WebServicesDemo", "WebServicesDemo\WebServicesDemo.csproj", "{A67AD10F-D8CB-4213-9C48-2FF22EE2DED5}"
EndProject
Project("{FAE04EC0-301F-11D3-BF4B-00C04F79EFBC}") = "CalculatorWebApplication", "CalculatorWebApplication\CalculatorWebApplication.csproj", "{201478E5-FECD-4C18-B72D-6A6B0605B5D0}"
	ProjectSection(ProjectDependencies) = postProject
		{A67AD10F-D8CB-4213-9C48-2FF22EE2DED5} = {A67AD10F-D8CB-4213-9C48-2FF22EE2DED5}
	EndProjectSection
EndProject
Global
	GlobalSection(SolutionConfigurationPlatforms) = preSolution
		Debug|Any CPU = Debug|Any CPU
		Release|Any CPU = Release|Any CPU
	EndGlobalSection
	GlobalSection(ProjectConfigurationPlatforms) = postSolution
		{A67AD10F-D8CB-4213-9C48-2FF22EE2DED5}.Debug|Any CPU.ActiveCfg = Debug|Any CPU
		{A67AD10F-D8CB-4213-9C48-2FF22EE2DED5}.Debug|Any CPU.Build.0 = Debug|Any CPU
		{A67AD10F-D8CB-4213-9C48-2FF22EE2DED5}.Release|Any CPU.ActiveCfg = Release|Any CPU
		{A67AD10F-D8CB-4213-9C48-2FF22EE2DED5}.Release|Any CPU.Build.0 = Release|Any CPU
		{201478E5-FECD-4C18-B72D-6A6B0605B5D0}.Debug|Any CPU.ActiveCfg = Debug|Any CPU
		{201478E5-FECD-4C18-B72D-6A6B0605B5D0}.Debug|Any CPU.Build.0 = Debug|Any CPU
		{201478E5-FECD-4C18-B72D-6A6B0605B5D0}.Release|Any CPU.ActiveCfg = Release|Any CPU
		{201478E5-FECD-4C18-B72D-6A6B0605B5D0}.Release|Any CPU.Build.0 = Release|Any CPU
	EndGlobalSection
	GlobalSection(SolutionProperties) = preSolution
		HideSolutionNode = FALSE
	EndGlobalSection
	GlobalSection(ExtensibilityGlobals) = postSolution
		SolutionGuid = {60C144AB-3291-4D4A-A166-389ABBE87FEE}
	EndGlobalSection
EndGlobal
